// !$*UTF8*$!
{
	archiveVersion = 1;
	classes = {
	};
	objectVersion = 56;
	objects = {

/* Begin PBXBuildFile section */
		A10001 /* DockFoldersApp.swift in Sources */ = {isa = PBXBuildFile; fileRef = B10001; };
		A10002 /* ContentView.swift in Sources */ = {isa = PBXBuildFile; fileRef = B10002; };
		A10003 /* FolderListView.swift in Sources */ = {isa = PBXBuildFile; fileRef = B10003; };
		A10004 /* FolderDetailView.swift in Sources */ = {isa = PBXBuildFile; fileRef = B10004; };
		A10005 /* AppPickerView.swift in Sources */ = {isa = PBXBuildFile; fileRef = B10005; };
		A10006 /* SettingsView.swift in Sources */ = {isa = PBXBuildFile; fileRef = B10006; };
		A10007 /* MenuBarView.swift in Sources */ = {isa = PBXBuildFile; fileRef = B10007; };
		A10010 /* DockFolder.swift in Sources */ = {isa = PBXBuildFile; fileRef = B10010; };
		A10011 /* AppEntry.swift in Sources */ = {isa = PBXBuildFile; fileRef = B10011; };
		A10012 /* AppearanceMode.swift in Sources */ = {isa = PBXBuildFile; fileRef = B10012; };
		A10020 /* FolderStore.swift in Sources */ = {isa = PBXBuildFile; fileRef = B10020; };
		A10021 /* DockController.swift in Sources */ = {isa = PBXBuildFile; fileRef = B10021; };
		045192303617911728008093 /* DockIconLocator.swift in Sources */ = {isa = PBXBuildFile; fileRef = 680012750185738315463007 /* DockIconLocator.swift */; };
		A10022 /* IconGenerator.swift in Sources */ = {isa = PBXBuildFile; fileRef = B10022; };
		A10023 /* AppDiscovery.swift in Sources */ = {isa = PBXBuildFile; fileRef = B10023; };
		A10024 /* AppearanceObserver.swift in Sources */ = {isa = PBXBuildFile; fileRef = B10024; };
		A10030 /* Assets.xcassets in Resources */ = {isa = PBXBuildFile; fileRef = B10030; };
		A10025 /* LauncherGenerator.swift in Sources */ = {isa = PBXBuildFile; fileRef = B10025; };
		A10009 /* FolderPopupPanel.swift in Sources */ = {isa = PBXBuildFile; fileRef = B10009; };
		A10031 /* AppIcon.icns in Resources */ = {isa = PBXBuildFile; fileRef = B10033; };
/* End PBXBuildFile section */

/* Begin PBXFileReference section */
		B10001 /* DockFoldersApp.swift */ = {isa = PBXFileReference; lastKnownFileType = sourcecode.swift; path = DockFoldersApp.swift; sourceTree = "<group>"; };
		B10002 /* ContentView.swift */ = {isa = PBXFileReference; lastKnownFileType = sourcecode.swift; path = ContentView.swift; sourceTree = "<group>"; };
		B10003 /* FolderListView.swift */ = {isa = PBXFileReference; lastKnownFileType = sourcecode.swift; path = FolderListView.swift; sourceTree = "<group>"; };
		B10004 /* FolderDetailView.swift */ = {isa = PBXFileReference; lastKnownFileType = sourcecode.swift; path = FolderDetailView.swift; sourceTree = "<group>"; };
		B10005 /* AppPickerView.swift */ = {isa = PBXFileReference; lastKnownFileType = sourcecode.swift; path = AppPickerView.swift; sourceTree = "<group>"; };
		B10006 /* SettingsView.swift */ = {isa = PBXFileReference; lastKnownFileType = sourcecode.swift; path = SettingsView.swift; sourceTree = "<group>"; };
		B10007 /* MenuBarView.swift */ = {isa = PBXFileReference; lastKnownFileType = sourcecode.swift; path = MenuBarView.swift; sourceTree = "<group>"; };
		B10010 /* DockFolder.swift */ = {isa = PBXFileReference; lastKnownFileType = sourcecode.swift; path = DockFolder.swift; sourceTree = "<group>"; };
		B10011 /* AppEntry.swift */ = {isa = PBXFileReference; lastKnownFileType = sourcecode.swift; path = AppEntry.swift; sourceTree = "<group>"; };
		B10012 /* AppearanceMode.swift */ = {isa = PBXFileReference; lastKnownFileType = sourcecode.swift; path = AppearanceMode.swift; sourceTree = "<group>"; };
		B10020 /* FolderStore.swift */ = {isa = PBXFileReference; lastKnownFileType = sourcecode.swift; path = FolderStore.swift; sourceTree = "<group>"; };
		B10021 /* DockController.swift */ = {isa = PBXFileReference; lastKnownFileType = sourcecode.swift; path = DockController.swift; sourceTree = "<group>"; };
		680012750185738315463007 /* DockIconLocator.swift */ = {isa = PBXFileReference; lastKnownFileType = sourcecode.swift; path = DockIconLocator.swift; sourceTree = "<group>"; };
		B10022 /* IconGenerator.swift */ = {isa = PBXFileReference; lastKnownFileType = sourcecode.swift; path = IconGenerator.swift; sourceTree = "<group>"; };
		B10023 /* AppDiscovery.swift */ = {isa = PBXFileReference; lastKnownFileType = sourcecode.swift; path = AppDiscovery.swift; sourceTree = "<group>"; };
		B10024 /* AppearanceObserver.swift */ = {isa = PBXFileReference; lastKnownFileType = sourcecode.swift; path = AppearanceObserver.swift; sourceTree = "<group>"; };
		B10025 /* LauncherGenerator.swift */ = {isa = PBXFileReference; lastKnownFileType = sourcecode.swift; path = LauncherGenerator.swift; sourceTree = "<group>"; };
		B10009 /* FolderPopupPanel.swift */ = {isa = PBXFileReference; lastKnownFileType = sourcecode.swift; path = FolderPopupPanel.swift; sourceTree = "<group>"; };
		B10032 /* Info.plist */ = {isa = PBXFileReference; lastKnownFileType = text.plist.xml; path = Info.plist; sourceTree = "<group>"; };
		B10030 /* Assets.xcassets */ = {isa = PBXFileReference; lastKnownFileType = folder.assetcatalog; path = Assets.xcassets; sourceTree = "<group>"; };
		B10031 /* DockFolders.entitlements */ = {isa = PBXFileReference; lastKnownFileType = text.plist.entitlements; path = DockFolders.entitlements; sourceTree = "<group>"; };
		B10033 /* AppIcon.icns */ = {isa = PBXFileReference; lastKnownFileType = image.icns; path = AppIcon.icns; sourceTree = "<group>"; };
		C10001 /* DockFolders.app */ = {isa = PBXFileReference; explicitFileType = wrapper.application; includeInIndex = 0; path = DockFolders.app; sourceTree = BUILT_PRODUCTS_DIR; };
/* End PBXFileReference section */

/* Begin PBXFrameworksBuildPhase section */
		D10001 /* Frameworks */ = {
			isa = PBXFrameworksBuildPhase;
			buildActionMask = 2147483647;
			files = (
			);
			runOnlyForDeploymentPostprocessing = 0;
		};
/* End PBXFrameworksBuildPhase section */

/* Begin PBXGroup section */
		E10001 = {
			isa = PBXGroup;
			children = (
				E10002 /* DockFolders */,
				E10099 /* Products */,
			);
			sourceTree = "<group>";
		};
		E10002 /* DockFolders */ = {
			isa = PBXGroup;
			children = (
				B10001 /* DockFoldersApp.swift */,
				E10003 /* Models */,
				E10004 /* Services */,
				E10005 /* Views */,
				E10006 /* Resources */,
				B10031 /* DockFolders.entitlements */,
				B10032 /* Info.plist */,
			);
			path = DockFolders;
			sourceTree = "<group>";
		};
		E10003 /* Models */ = {
			isa = PBXGroup;
			children = (
				B10010 /* DockFolder.swift */,
				B10011 /* AppEntry.swift */,
				B10012 /* AppearanceMode.swift */,
			);
			path = Models;
			sourceTree = "<group>";
		};
		E10004 /* Services */ = {
			isa = PBXGroup;
			children = (
				B10020 /* FolderStore.swift */,
				B10021 /* DockController.swift */,
				680012750185738315463007 /* DockIconLocator.swift */,
				B10022 /* IconGenerator.swift */,
				B10023 /* AppDiscovery.swift */,
				B10024 /* AppearanceObserver.swift */,
				B10025 /* LauncherGenerator.swift */,
			);
			path = Services;
			sourceTree = "<group>";
		};
		E10005 /* Views */ = {
			isa = PBXGroup;
			children = (
				B10002 /* ContentView.swift */,
				B10003 /* FolderListView.swift */,
				B10004 /* FolderDetailView.swift */,
				B10005 /* AppPickerView.swift */,
				B10006 /* SettingsView.swift */,
				B10007 /* MenuBarView.swift */,
				B10009 /* FolderPopupPanel.swift */,
			);
			path = Views;
			sourceTree = "<group>";
		};
		E10006 /* Resources */ = {
			isa = PBXGroup;
			children = (
				B10030 /* Assets.xcassets */,
				B10033 /* AppIcon.icns */,
			);
			path = Resources;
			sourceTree = "<group>";
		};
		E10099 /* Products */ = {
			isa = PBXGroup;
			children = (
				C10001 /* DockFolders.app */,
			);
			name = Products;
			sourceTree = "<group>";
		};
/* End PBXGroup section */

/* Begin PBXNativeTarget section */
		F10001 /* DockFolders */ = {
			isa = PBXNativeTarget;
			buildConfigurationList = G10003;
			buildPhases = (
				D10002 /* Sources */,
				D10001 /* Frameworks */,
				D10003 /* Resources */,
				D10004 /* Code Sign */,
			);
			buildRules = (
			);
			dependencies = (
			);
			name = DockFolders;
			productName = DockFolders;
			productReference = C10001;
			productType = "com.apple.product-type.application";
		};
/* End PBXNativeTarget section */

/* Begin PBXProject section */
		F10002 /* Project object */ = {
			isa = PBXProject;
			attributes = {
				BuildIndependentTargetsInParallel = 1;
				LastSwiftUpdateCheck = 1540;
				LastUpgradeCheck = 1540;
			};
			buildConfigurationList = G10001;
			compatibilityVersion = "Xcode 14.0";
			developmentRegion = en;
			hasScannedForEncodings = 0;
			knownRegions = (
				en,
				Base,
			);
			mainGroup = E10001;
			productRefGroup = E10099;
			projectDirPath = "";
			projectRoot = "";
			targets = (
				F10001 /* DockFolders */,
			);
		};
/* End PBXProject section */

/* Begin PBXResourcesBuildPhase section */
		D10003 /* Resources */ = {
			isa = PBXResourcesBuildPhase;
			buildActionMask = 2147483647;
			files = (
				A10030 /* Assets.xcassets in Resources */,
				A10031 /* AppIcon.icns in Resources */,
			);
			runOnlyForDeploymentPostprocessing = 0;
		};
/* End PBXResourcesBuildPhase section */

/* Begin PBXShellScriptBuildPhase section */
		D10004 /* Code Sign */ = {
			isa = PBXShellScriptBuildPhase;
			alwaysOutOfDate = 1;
			buildActionMask = 2147483647;
			files = (
			);
			inputPaths = (
			);
			name = "Code Sign";
			outputPaths = (
			);
			runOnlyForDeploymentPostprocessing = 0;
			shellPath = /bin/sh;
			shellScript = "codesign --sign \"Imperator Dev\" --force --deep \"${BUILT_PRODUCTS_DIR}/${PRODUCT_NAME}.app\"\n";
		};
/* End PBXShellScriptBuildPhase section */

/* Begin PBXSourcesBuildPhase section */
		D10002 /* Sources */ = {
			isa = PBXSourcesBuildPhase;
			buildActionMask = 2147483647;
			files = (
				A10001 /* DockFoldersApp.swift in Sources */,
				A10002 /* ContentView.swift in Sources */,
				A10003 /* FolderListView.swift in Sources */,
				A10004 /* FolderDetailView.swift in Sources */,
				A10005 /* AppPickerView.swift in Sources */,
				A10006 /* SettingsView.swift in Sources */,
				A10007 /* MenuBarView.swift in Sources */,
				A10010 /* DockFolder.swift in Sources */,
				A10011 /* AppEntry.swift in Sources */,
				A10012 /* AppearanceMode.swift in Sources */,
				A10020 /* FolderStore.swift in Sources */,
				A10021 /* DockController.swift in Sources */,
				045192303617911728008093 /* DockIconLocator.swift in Sources */,
				A10022 /* IconGenerator.swift in Sources */,
				A10023 /* AppDiscovery.swift in Sources */,
				A10024 /* AppearanceObserver.swift in Sources */,
				A10025 /* LauncherGenerator.swift in Sources */,
				A10009 /* FolderPopupPanel.swift in Sources */,
			);
			runOnlyForDeploymentPostprocessing = 0;
		};
/* End PBXSourcesBuildPhase section */

/* Begin XCBuildConfiguration section */
		G10010 /* Debug */ = {
			isa = XCBuildConfiguration;
			buildSettings = {
				ALWAYS_SEARCH_USER_PATHS = NO;
				ASSETCATALOG_COMPILER_GENERATE_SWIFT_ASSET_SYMBOL_EXTENSIONS = YES;
				CLANG_ANALYZER_NONNULL = YES;
				CLANG_CXX_LANGUAGE_STANDARD = "gnu++20";
				CLANG_ENABLE_MODULES = YES;
				CLANG_ENABLE_OBJC_ARC = YES;
				COPY_PHASE_STRIP = NO;
				DEBUG_INFORMATION_FORMAT = dwarf;
				ENABLE_STRICT_OBJC_MSGSEND = YES;
				ENABLE_TESTABILITY = YES;
				GCC_DYNAMIC_NO_PIC = NO;
				GCC_OPTIMIZATION_LEVEL = 0;
				GCC_WARN_ABOUT_RETURN_TYPE = YES_ERROR;
				GCC_WARN_UNINITIALIZED_AUTOS = YES_AGGRESSIVE;
				MACOSX_DEPLOYMENT_TARGET = 14.0;
				MTL_ENABLE_DEBUG_INFO = INCLUDE_SOURCE;
				ONLY_ACTIVE_ARCH = YES;
				SDKROOT = macosx;
				SWIFT_ACTIVE_COMPILATION_CONDITIONS = "DEBUG $(inherited)";
				SWIFT_OPTIMIZATION_LEVEL = "-Onone";
			};
			name = Debug;
		};
		G10011 /* Release */ = {
			isa = XCBuildConfiguration;
			buildSettings = {
				ALWAYS_SEARCH_USER_PATHS = NO;
				ASSETCATALOG_COMPILER_GENERATE_SWIFT_ASSET_SYMBOL_EXTENSIONS = YES;
				CLANG_ANALYZER_NONNULL = YES;
				CLANG_CXX_LANGUAGE_STANDARD = "gnu++20";
				CLANG_ENABLE_MODULES = YES;
				CLANG_ENABLE_OBJC_ARC = YES;
				COPY_PHASE_STRIP = NO;
				DEBUG_INFORMATION_FORMAT = "dwarf-with-dsym";
				ENABLE_NS_ASSERTIONS = NO;
				ENABLE_STRICT_OBJC_MSGSEND = YES;
				GCC_WARN_ABOUT_RETURN_TYPE = YES_ERROR;
				GCC_WARN_UNINITIALIZED_AUTOS = YES_AGGRESSIVE;
				MACOSX_DEPLOYMENT_TARGET = 14.0;
				SDKROOT = macosx;
				SWIFT_COMPILATION_MODE = wholemodule;
			};
			name = Release;
		};
		G10020 /* Debug */ = {
			isa = XCBuildConfiguration;
			buildSettings = {
				ASSETCATALOG_COMPILER_APPICON_NAME = AppIcon;
				ASSETCATALOG_COMPILER_GLOBAL_ACCENT_COLOR_NAME = AccentColor;
				CODE_SIGN_ENTITLEMENTS = DockFolders/DockFolders.entitlements;
				CODE_SIGN_IDENTITY = "Imperator Dev";
				CODE_SIGN_STYLE = Manual;
				COMBINE_HIDPI_IMAGES = YES;
				CURRENT_PROJECT_VERSION = 1;
				DEVELOPMENT_TEAM = "";
				ENABLE_APP_SANDBOX = NO;
				ENABLE_HARDENED_RUNTIME = NO;
				GENERATE_INFOPLIST_FILE = YES;
				INFOPLIST_FILE = DockFolders/Info.plist;
				INFOPLIST_KEY_CFBundleDisplayName = "Imperator Dock Folders";
				INFOPLIST_KEY_LSApplicationCategoryType = "public.app-category.utilities";
				INFOPLIST_KEY_NSHumanReadableCopyright = "";
				MARKETING_VERSION = 1.0;
				PRODUCT_BUNDLE_IDENTIFIER = com.dockfolders.app;
				PRODUCT_NAME = "Imperator Dock Folders";
				SWIFT_EMIT_LOC_STRINGS = YES;
				SWIFT_VERSION = 5.0;
			};
			name = Debug;
		};
		G10021 /* Release */ = {
			isa = XCBuildConfiguration;
			buildSettings = {
				ASSETCATALOG_COMPILER_APPICON_NAME = AppIcon;
				ASSETCATALOG_COMPILER_GLOBAL_ACCENT_COLOR_NAME = AccentColor;
				CODE_SIGN_ENTITLEMENTS = DockFolders/DockFolders.entitlements;
				CODE_SIGN_IDENTITY = "Imperator Dev";
				CODE_SIGN_STYLE = Manual;
				COMBINE_HIDPI_IMAGES = YES;
				CURRENT_PROJECT_VERSION = 1;
				DEVELOPMENT_TEAM = "";
				ENABLE_APP_SANDBOX = NO;
				ENABLE_HARDENED_RUNTIME = NO;
				GENERATE_INFOPLIST_FILE = YES;
				INFOPLIST_FILE = DockFolders/Info.plist;
				INFOPLIST_KEY_CFBundleDisplayName = "Imperator Dock Folders";
				INFOPLIST_KEY_LSApplicationCategoryType = "public.app-category.utilities";
				INFOPLIST_KEY_NSHumanReadableCopyright = "";
				MARKETING_VERSION = 1.0;
				PRODUCT_BUNDLE_IDENTIFIER = com.dockfolders.app;
				PRODUCT_NAME = "Imperator Dock Folders";
				SWIFT_EMIT_LOC_STRINGS = YES;
				SWIFT_VERSION = 5.0;
			};
			name = Release;
		};
/* End XCBuildConfiguration section */

/* Begin XCConfigurationList section */
		G10001 /* Build configuration list for PBXProject "DockFolders" */ = {
			isa = XCConfigurationList;
			buildConfigurations = (
				G10010 /* Debug */,
				G10011 /* Release */,
			);
			defaultConfigurationIsVisible = 0;
			defaultConfigurationName = Release;
		};
		G10003 /* Build configuration list for PBXNativeTarget "DockFolders" */ = {
			isa = XCConfigurationList;
			buildConfigurations = (
				G10020 /* Debug */,
				G10021 /* Release */,
			);
			defaultConfigurationIsVisible = 0;
			defaultConfigurationName = Release;
		};
/* End XCConfigurationList section */

	};
	rootObject = F10002 /* Project object */;
}
